
Microsoft Visual Studio Solution File, Format Version 12.00
# Visual Studio Version 17
VisualStudioVersion = 17.10.35122.118
MinimumVisualStudioVersion = 10.0.40219.1
Project("{8BC9CEB8-8B4A-11D0-8D11-00A0C91BC942}") = "ООПиП лабораторная работа №4", "ООПиП лабораторная работа №4\ООПиП лабораторная работа №4.vcxproj", "{BAFDBD4E-1133-4BD8-AB37-F882FCD9E947}"
EndProject
Global
	GlobalSection(SolutionConfigurationPlatforms) = preSolution
		Debug|x64 = Debug|x64
		Debug|x86 = Debug|x86
		Release|x64 = Release|x64
		Release|x86 = Release|x86
	EndGlobalSection
	GlobalSection(ProjectConfigurationPlatforms) = postSolution
		{BAFDBD4E-1133-4BD8-AB37-F882FCD9E947}.Debug|x64.ActiveCfg = Debug|x64
		{BAFDBD4E-1133-4BD8-AB37-F882FCD9E947}.Debug|x64.Build.0 = Debug|x64
		{BAFDBD4E-1133-4BD8-AB37-F882FCD9E947}.Debug|x86.ActiveCfg = Debug|Win32
		{BAFDBD4E-1133-4BD8-AB37-F882FCD9E947}.Debug|x86.Build.0 = Debug|Win32
		{BAFDBD4E-1133-4BD8-AB37-F882FCD9E947}.Release|x64.ActiveCfg = Release|x64
		{BAFDBD4E-1133-4BD8-AB37-F882FCD9E947}.Release|x64.Build.0 = Release|x64
		{BAFDBD4E-1133-4BD8-AB37-F882FCD9E947}.Release|x86.ActiveCfg = Release|Win32
		{BAFDBD4E-1133-4BD8-AB37-F882FCD9E947}.Release|x86.Build.0 = Release|Win32
	EndGlobalSection
	GlobalSection(SolutionProperties) = preSolution
		HideSolutionNode = FALSE
	EndGlobalSection
	GlobalSection(ExtensibilityGlobals) = postSolution
		SolutionGuid = {CB9FF572-85A4-47F8-9620-E8E82D97E26B}
	EndGlobalSection
EndGlobal
